{
  "pins" : [
    {
      "identity" : "bluejay",
      "kind" : "remoteSourceControl",
      "location" : "https://github.com/harrisonf-ledger/bluejay",
      "state" : {
        "branch" : "multiplatform",
        "revision" : "e6d1dbb346a13f81fee3e86769199d6c36f2c8b7"
      }
    },
    {
      "identity" : "hw-transport-ios-ble",
      "kind" : "remoteSourceControl",
      "location" : "https://github.com/LedgerHQ/hw-transport-ios-ble",
      "state" : {
        "branch" : "main",
        "revision" : "af9e5ec49a89b5c0202f704a05e214a22af6b848"
      }
    }
  ],
  "version" : 2
}
