{
  "pins" : [
    {
      "identity" : "bluejay",
      "kind" : "remoteSourceControl",
      "location" : "https://github.com/harrisonf-ledger/bluejay",
      "state" : {
        "branch" : "multiplatform",
        "revision" : "17cfe41aaaa9181e26eaf5eacf193c8f96b9e3d8"
      }
    },
    {
      "identity" : "hw-transport-ios-ble",
      "kind" : "remoteSourceControl",
      "location" : "https://github.com/LedgerHQ/hw-transport-ios-ble",
      "state" : {
        "branch" : "main",
        "revision" : "8fdfa004da11709857af82c25a0757c0dd6ebe52"
      }
    }
  ],
  "version" : 2
}
