{
  "pins" : [
    {
      "identity" : "hw-transport-ios-ble",
      "kind" : "remoteSourceControl",
      "location" : "https://github.com/LedgerHQ/hw-transport-ios-ble",
      "state" : {
        "branch" : "CoreBluetooth",
        "revision" : "32eb442a20e1f06973de7fadf1dcd8553e95e005"
      }
    }
  ],
  "version" : 2
}
